// !$*UTF8*$!
{
	archiveVersion = 1;
	classes = {
	};
	objectVersion = 55;
	objects = {

/* Begin PBXBuildFile section */
		4138BFFD27C2DDF200A33680 /* ScreenCoverTestsApp.swift in Sources */ = {isa = PBXBuildFile; fileRef = 4138BFFC27C2DDF200A33680 /* ScreenCoverTestsApp.swift */; };
		4138BFFF27C2DDF200A33680 /* ContentView.swift in Sources */ = {isa = PBXBuildFile; fileRef = 4138BFFE27C2DDF200A33680 /* ContentView.swift */; };
		4138C00127C2DDF300A33680 /* Assets.xcassets in Resources */ = {isa = PBXBuildFile; fileRef = 4138C00027C2DDF300A33680 /* Assets.xcassets */; };
		4138C00427C2DDF300A33680 /* Preview Assets.xcassets in Resources */ = {isa = PBXBuildFile; fileRef = 4138C00327C2DDF300A33680 /* Preview Assets.xcassets */; };
		4138C00B27C2DE5900A33680 /* FlexibleSheet.swift in Sources */ = {isa = PBXBuildFile; fileRef = 4138C00A27C2DE5900A33680 /* FlexibleSheet.swift */; };
		4138C00D27C33AB400A33680 /* DayViewSheet.swift in Sources */ = {isa = PBXBuildFile; fileRef = 4138C00C27C33AB400A33680 /* DayViewSheet.swift */; };
		4138C00F27C33ABB00A33680 /* WeekViewSheet.swift in Sources */ = {isa = PBXBuildFile; fileRef = 4138C00E27C33ABB00A33680 /* WeekViewSheet.swift */; };
		4138C01127C33ACB00A33680 /* MonthViewSheet.swift in Sources */ = {isa = PBXBuildFile; fileRef = 4138C01027C33ACB00A33680 /* MonthViewSheet.swift */; };
		4151E1CE27CDB511009F4A43 /* DaySliders.swift in Sources */ = {isa = PBXBuildFile; fileRef = 4151E1CD27CDB511009F4A43 /* DaySliders.swift */; };
		41C1F5B427C5F6EE00E2C379 /* HourView.swift in Sources */ = {isa = PBXBuildFile; fileRef = 41C1F5B327C5F6EE00E2C379 /* HourView.swift */; };
/* End PBXBuildFile section */

/* Begin PBXFileReference section */
		4138BFF927C2DDF200A33680 /* ScreenCoverTests.app */ = {isa = PBXFileReference; explicitFileType = wrapper.application; includeInIndex = 0; path = ScreenCoverTests.app; sourceTree = BUILT_PRODUCTS_DIR; };
		4138BFFC27C2DDF200A33680 /* ScreenCoverTestsApp.swift */ = {isa = PBXFileReference; lastKnownFileType = sourcecode.swift; path = ScreenCoverTestsApp.swift; sourceTree = "<group>"; };
		4138BFFE27C2DDF200A33680 /* ContentView.swift */ = {isa = PBXFileReference; lastKnownFileType = sourcecode.swift; path = ContentView.swift; sourceTree = "<group>"; };
		4138C00027C2DDF300A33680 /* Assets.xcassets */ = {isa = PBXFileReference; lastKnownFileType = folder.assetcatalog; path = Assets.xcassets; sourceTree = "<group>"; };
		4138C00327C2DDF300A33680 /* Preview Assets.xcassets */ = {isa = PBXFileReference; lastKnownFileType = folder.assetcatalog; path = "Preview Assets.xcassets"; sourceTree = "<group>"; };
		4138C00A27C2DE5900A33680 /* FlexibleSheet.swift */ = {isa = PBXFileReference; lastKnownFileType = sourcecode.swift; path = FlexibleSheet.swift; sourceTree = "<group>"; };
		4138C00C27C33AB400A33680 /* DayViewSheet.swift */ = {isa = PBXFileReference; lastKnownFileType = sourcecode.swift; path = DayViewSheet.swift; sourceTree = "<group>"; };
		4138C00E27C33ABB00A33680 /* WeekViewSheet.swift */ = {isa = PBXFileReference; lastKnownFileType = sourcecode.swift; path = WeekViewSheet.swift; sourceTree = "<group>"; };
		4138C01027C33ACB00A33680 /* MonthViewSheet.swift */ = {isa = PBXFileReference; lastKnownFileType = sourcecode.swift; path = MonthViewSheet.swift; sourceTree = "<group>"; };
		4151E1CD27CDB511009F4A43 /* DaySliders.swift */ = {isa = PBXFileReference; fileEncoding = 4; lastKnownFileType = sourcecode.swift; path = DaySliders.swift; sourceTree = "<group>"; };
		41C1F5B327C5F6EE00E2C379 /* HourView.swift */ = {isa = PBXFileReference; lastKnownFileType = sourcecode.swift; path = HourView.swift; sourceTree = "<group>"; };
/* End PBXFileReference section */

/* Begin PBXFrameworksBuildPhase section */
		4138BFF627C2DDF200A33680 /* Frameworks */ = {
			isa = PBXFrameworksBuildPhase;
			buildActionMask = 2147483647;
			files = (
			);
			runOnlyForDeploymentPostprocessing = 0;
		};
/* End PBXFrameworksBuildPhase section */

/* Begin PBXGroup section */
		4138BFF027C2DDF200A33680 = {
			isa = PBXGroup;
			children = (
				4138BFFB27C2DDF200A33680 /* ScreenCoverTests */,
				4138BFFA27C2DDF200A33680 /* Products */,
			);
			sourceTree = "<group>";
		};
		4138BFFA27C2DDF200A33680 /* Products */ = {
			isa = PBXGroup;
			children = (
				4138BFF927C2DDF200A33680 /* ScreenCoverTests.app */,
			);
			name = Products;
			sourceTree = "<group>";
		};
		4138BFFB27C2DDF200A33680 /* ScreenCoverTests */ = {
			isa = PBXGroup;
			children = (
				4138BFFC27C2DDF200A33680 /* ScreenCoverTestsApp.swift */,
				4138C00A27C2DE5900A33680 /* FlexibleSheet.swift */,
				4151E1CD27CDB511009F4A43 /* DaySliders.swift */,
				4138BFFE27C2DDF200A33680 /* ContentView.swift */,
				4138C00027C2DDF300A33680 /* Assets.xcassets */,
				4138C00227C2DDF300A33680 /* Preview Content */,
				4138C00C27C33AB400A33680 /* DayViewSheet.swift */,
				4138C00E27C33ABB00A33680 /* WeekViewSheet.swift */,
				4138C01027C33ACB00A33680 /* MonthViewSheet.swift */,
				41C1F5B327C5F6EE00E2C379 /* HourView.swift */,
			);
			path = ScreenCoverTests;
			sourceTree = "<group>";
		};
		4138C00227C2DDF300A33680 /* Preview Content */ = {
			isa = PBXGroup;
			children = (
				4138C00327C2DDF300A33680 /* Preview Assets.xcassets */,
			);
			path = "Preview Content";
			sourceTree = "<group>";
		};
/* End PBXGroup section */

/* Begin PBXNativeTarget section */
		4138BFF827C2DDF200A33680 /* ScreenCoverTests */ = {
			isa = PBXNativeTarget;
			buildConfigurationList = 4138C00727C2DDF300A33680 /* Build configuration list for PBXNativeTarget "ScreenCoverTests" */;
			buildPhases = (
				4138BFF527C2DDF200A33680 /* Sources */,
				4138BFF627C2DDF200A33680 /* Frameworks */,
				4138BFF727C2DDF200A33680 /* Resources */,
			);
			buildRules = (
			);
			dependencies = (
			);
			name = ScreenCoverTests;
			productName = ScreenCoverTests;
			productReference = 4138BFF927C2DDF200A33680 /* ScreenCoverTests.app */;
			productType = "com.apple.product-type.application";
		};
/* End PBXNativeTarget section */

/* Begin PBXProject section */
		4138BFF127C2DDF200A33680 /* Project object */ = {
			isa = PBXProject;
			attributes = {
				BuildIndependentTargetsInParallel = 1;
				LastSwiftUpdateCheck = 1320;
				LastUpgradeCheck = 1320;
				TargetAttributes = {
					4138BFF827C2DDF200A33680 = {
						CreatedOnToolsVersion = 13.2;
					};
				};
			};
			buildConfigurationList = 4138BFF427C2DDF200A33680 /* Build configuration list for PBXProject "ScreenCoverTests" */;
			compatibilityVersion = "Xcode 13.0";
			developmentRegion = en;
			hasScannedForEncodings = 0;
			knownRegions = (
				en,
				Base,
			);
			mainGroup = 4138BFF027C2DDF200A33680;
			productRefGroup = 4138BFFA27C2DDF200A33680 /* Products */;
			projectDirPath = "";
			projectRoot = "";
			targets = (
				4138BFF827C2DDF200A33680 /* ScreenCoverTests */,
			);
		};
/* End PBXProject section */

/* Begin PBXResourcesBuildPhase section */
		4138BFF727C2DDF200A33680 /* Resources */ = {
			isa = PBXResourcesBuildPhase;
			buildActionMask = 2147483647;
			files = (
				4138C00427C2DDF300A33680 /* Preview Assets.xcassets in Resources */,
				4138C00127C2DDF300A33680 /* Assets.xcassets in Resources */,
			);
			runOnlyForDeploymentPostprocessing = 0;
		};
/* End PBXResourcesBuildPhase section */

/* Begin PBXSourcesBuildPhase section */
		4138BFF527C2DDF200A33680 /* Sources */ = {
			isa = PBXSourcesBuildPhase;
			buildActionMask = 2147483647;
			files = (
				4138BFFF27C2DDF200A33680 /* ContentView.swift in Sources */,
				41C1F5B427C5F6EE00E2C379 /* HourView.swift in Sources */,
				4138C01127C33ACB00A33680 /* MonthViewSheet.swift in Sources */,
				4138C00F27C33ABB00A33680 /* WeekViewSheet.swift in Sources */,
				4138C00B27C2DE5900A33680 /* FlexibleSheet.swift in Sources */,
				4138BFFD27C2DDF200A33680 /* ScreenCoverTestsApp.swift in Sources */,
				4138C00D27C33AB400A33680 /* DayViewSheet.swift in Sources */,
				4151E1CE27CDB511009F4A43 /* DaySliders.swift in Sources */,
			);
			runOnlyForDeploymentPostprocessing = 0;
		};
/* End PBXSourcesBuildPhase section */

/* Begin XCBuildConfiguration section */
		4138C00527C2DDF300A33680 /* Debug */ = {
			isa = XCBuildConfiguration;
			buildSettings = {
				ALWAYS_SEARCH_USER_PATHS = NO;
				CLANG_ANALYZER_NONNULL = YES;
				CLANG_ANALYZER_NUMBER_OBJECT_CONVERSION = YES_AGGRESSIVE;
				CLANG_CXX_LANGUAGE_STANDARD = "gnu++17";
				CLANG_CXX_LIBRARY = "libc++";
				CLANG_ENABLE_MODULES = YES;
				CLANG_ENABLE_OBJC_ARC = YES;
				CLANG_ENABLE_OBJC_WEAK = YES;
				CLANG_WARN_BLOCK_CAPTURE_AUTORELEASING = YES;
				CLANG_WARN_BOOL_CONVERSION = YES;
				CLANG_WARN_COMMA = YES;
				CLANG_WARN_CONSTANT_CONVERSION = YES;
				CLANG_WARN_DEPRECATED_OBJC_IMPLEMENTATIONS = YES;
				CLANG_WARN_DIRECT_OBJC_ISA_USAGE = YES_ERROR;
				CLANG_WARN_DOCUMENTATION_COMMENTS = YES;
				CLANG_WARN_EMPTY_BODY = YES;
				CLANG_WARN_ENUM_CONVERSION = YES;
				CLANG_WARN_INFINITE_RECURSION = YES;
				CLANG_WARN_INT_CONVERSION = YES;
				CLANG_WARN_NON_LITERAL_NULL_CONVERSION = YES;
				CLANG_WARN_OBJC_IMPLICIT_RETAIN_SELF = YES;
				CLANG_WARN_OBJC_LITERAL_CONVERSION = YES;
				CLANG_WARN_OBJC_ROOT_CLASS = YES_ERROR;
				CLANG_WARN_QUOTED_INCLUDE_IN_FRAMEWORK_HEADER = YES;
				CLANG_WARN_RANGE_LOOP_ANALYSIS = YES;
				CLANG_WARN_STRICT_PROTOTYPES = YES;
				CLANG_WARN_SUSPICIOUS_MOVE = YES;
				CLANG_WARN_UNGUARDED_AVAILABILITY = YES_AGGRESSIVE;
				CLANG_WARN_UNREACHABLE_CODE = YES;
				CLANG_WARN__DUPLICATE_METHOD_MATCH = YES;
				COPY_PHASE_STRIP = NO;
				DEBUG_INFORMATION_FORMAT = dwarf;
				ENABLE_STRICT_OBJC_MSGSEND = YES;
				ENABLE_TESTABILITY = YES;
				GCC_C_LANGUAGE_STANDARD = gnu11;
				GCC_DYNAMIC_NO_PIC = NO;
				GCC_NO_COMMON_BLOCKS = YES;
				GCC_OPTIMIZATION_LEVEL = 0;
				GCC_PREPROCESSOR_DEFINITIONS = (
					"DEBUG=1",
					"$(inherited)",
				);
				GCC_WARN_64_TO_32_BIT_CONVERSION = YES;
				GCC_WARN_ABOUT_RETURN_TYPE = YES_ERROR;
				GCC_WARN_UNDECLARED_SELECTOR = YES;
				GCC_WARN_UNINITIALIZED_AUTOS = YES_AGGRESSIVE;
				GCC_WARN_UNUSED_FUNCTION = YES;
				GCC_WARN_UNUSED_VARIABLE = YES;
				IPHONEOS_DEPLOYMENT_TARGET = 15.2;
				MTL_ENABLE_DEBUG_INFO = INCLUDE_SOURCE;
				MTL_FAST_MATH = YES;
				ONLY_ACTIVE_ARCH = YES;
				SDKROOT = iphoneos;
				SWIFT_ACTIVE_COMPILATION_CONDITIONS = DEBUG;
				SWIFT_OPTIMIZATION_LEVEL = "-Onone";
			};
			name = Debug;
		};
		4138C00627C2DDF300A33680 /* Release */ = {
			isa = XCBuildConfiguration;
			buildSettings = {
				ALWAYS_SEARCH_USER_PATHS = NO;
				CLANG_ANALYZER_NONNULL = YES;
				CLANG_ANALYZER_NUMBER_OBJECT_CONVERSION = YES_AGGRESSIVE;
				CLANG_CXX_LANGUAGE_STANDARD = "gnu++17";
				CLANG_CXX_LIBRARY = "libc++";
				CLANG_ENABLE_MODULES = YES;
				CLANG_ENABLE_OBJC_ARC = YES;
				CLANG_ENABLE_OBJC_WEAK = YES;
				CLANG_WARN_BLOCK_CAPTURE_AUTORELEASING = YES;
				CLANG_WARN_BOOL_CONVERSION = YES;
				CLANG_WARN_COMMA = YES;
				CLANG_WARN_CONSTANT_CONVERSION = YES;
				CLANG_WARN_DEPRECATED_OBJC_IMPLEMENTATIONS = YES;
				CLANG_WARN_DIRECT_OBJC_ISA_USAGE = YES_ERROR;
				CLANG_WARN_DOCUMENTATION_COMMENTS = YES;
				CLANG_WARN_EMPTY_BODY = YES;
				CLANG_WARN_ENUM_CONVERSION = YES;
				CLANG_WARN_INFINITE_RECURSION = YES;
				CLANG_WARN_INT_CONVERSION = YES;
				CLANG_WARN_NON_LITERAL_NULL_CONVERSION = YES;
				CLANG_WARN_OBJC_IMPLICIT_RETAIN_SELF = YES;
				CLANG_WARN_OBJC_LITERAL_CONVERSION = YES;
				CLANG_WARN_OBJC_ROOT_CLASS = YES_ERROR;
				CLANG_WARN_QUOTED_INCLUDE_IN_FRAMEWORK_HEADER = YES;
				CLANG_WARN_RANGE_LOOP_ANALYSIS = YES;
				CLANG_WARN_STRICT_PROTOTYPES = YES;
				CLANG_WARN_SUSPICIOUS_MOVE = YES;
				CLANG_WARN_UNGUARDED_AVAILABILITY = YES_AGGRESSIVE;
				CLANG_WARN_UNREACHABLE_CODE = YES;
				CLANG_WARN__DUPLICATE_METHOD_MATCH = YES;
				COPY_PHASE_STRIP = NO;
				DEBUG_INFORMATION_FORMAT = "dwarf-with-dsym";
				ENABLE_NS_ASSERTIONS = NO;
				ENABLE_STRICT_OBJC_MSGSEND = YES;
				GCC_C_LANGUAGE_STANDARD = gnu11;
				GCC_NO_COMMON_BLOCKS = YES;
				GCC_WARN_64_TO_32_BIT_CONVERSION = YES;
				GCC_WARN_ABOUT_RETURN_TYPE = YES_ERROR;
				GCC_WARN_UNDECLARED_SELECTOR = YES;
				GCC_WARN_UNINITIALIZED_AUTOS = YES_AGGRESSIVE;
				GCC_WARN_UNUSED_FUNCTION = YES;
				GCC_WARN_UNUSED_VARIABLE = YES;
				IPHONEOS_DEPLOYMENT_TARGET = 15.2;
				MTL_ENABLE_DEBUG_INFO = NO;
				MTL_FAST_MATH = YES;
				SDKROOT = iphoneos;
				SWIFT_COMPILATION_MODE = wholemodule;
				SWIFT_OPTIMIZATION_LEVEL = "-O";
				VALIDATE_PRODUCT = YES;
			};
			name = Release;
		};
		4138C00827C2DDF300A33680 /* Debug */ = {
			isa = XCBuildConfiguration;
			buildSettings = {
				ASSETCATALOG_COMPILER_APPICON_NAME = AppIcon;
				ASSETCATALOG_COMPILER_GLOBAL_ACCENT_COLOR_NAME = AccentColor;
				CODE_SIGN_STYLE = Automatic;
				CURRENT_PROJECT_VERSION = 1;
				DEVELOPMENT_ASSET_PATHS = "\"ScreenCoverTests/Preview Content\"";
				DEVELOPMENT_TEAM = 947MDTH7AR;
				ENABLE_PREVIEWS = YES;
				GENERATE_INFOPLIST_FILE = YES;
				INFOPLIST_KEY_UIApplicationSceneManifest_Generation = YES;
				INFOPLIST_KEY_UIApplicationSupportsIndirectInputEvents = YES;
				INFOPLIST_KEY_UILaunchScreen_Generation = YES;
				INFOPLIST_KEY_UISupportedInterfaceOrientations_iPad = "UIInterfaceOrientationPortrait UIInterfaceOrientationPortraitUpsideDown UIInterfaceOrientationLandscapeLeft UIInterfaceOrientationLandscapeRight";
				INFOPLIST_KEY_UISupportedInterfaceOrientations_iPhone = "UIInterfaceOrientationPortrait UIInterfaceOrientationLandscapeLeft UIInterfaceOrientationLandscapeRight";
				LD_RUNPATH_SEARCH_PATHS = (
					"$(inherited)",
					"@executable_path/Frameworks",
				);
				MARKETING_VERSION = 1.0;
				PRODUCT_BUNDLE_IDENTIFIER = FrankfurtIndustries.ScreenCoverTests;
				PRODUCT_NAME = "$(TARGET_NAME)";
				SWIFT_EMIT_LOC_STRINGS = YES;
				SWIFT_VERSION = 5.0;
				TARGETED_DEVICE_FAMILY = "1,2";
			};
			name = Debug;
		};
		4138C00927C2DDF300A33680 /* Release */ = {
			isa = XCBuildConfiguration;
			buildSettings = {
				ASSETCATALOG_COMPILER_APPICON_NAME = AppIcon;
				ASSETCATALOG_COMPILER_GLOBAL_ACCENT_COLOR_NAME = AccentColor;
				CODE_SIGN_STYLE = Automatic;
				CURRENT_PROJECT_VERSION = 1;
				DEVELOPMENT_ASSET_PATHS = "\"ScreenCoverTests/Preview Content\"";
				DEVELOPMENT_TEAM = 947MDTH7AR;
				ENABLE_PREVIEWS = YES;
				GENERATE_INFOPLIST_FILE = YES;
				INFOPLIST_KEY_UIApplicationSceneManifest_Generation = YES;
				INFOPLIST_KEY_UIApplicationSupportsIndirectInputEvents = YES;
				INFOPLIST_KEY_UILaunchScreen_Generation = YES;
				INFOPLIST_KEY_UISupportedInterfaceOrientations_iPad = "UIInterfaceOrientationPortrait UIInterfaceOrientationPortraitUpsideDown UIInterfaceOrientationLandscapeLeft UIInterfaceOrientationLandscapeRight";
				INFOPLIST_KEY_UISupportedInterfaceOrientations_iPhone = "UIInterfaceOrientationPortrait UIInterfaceOrientationLandscapeLeft UIInterfaceOrientationLandscapeRight";
				LD_RUNPATH_SEARCH_PATHS = (
					"$(inherited)",
					"@executable_path/Frameworks",
				);
				MARKETING_VERSION = 1.0;
				PRODUCT_BUNDLE_IDENTIFIER = FrankfurtIndustries.ScreenCoverTests;
				PRODUCT_NAME = "$(TARGET_NAME)";
				SWIFT_EMIT_LOC_STRINGS = YES;
				SWIFT_VERSION = 5.0;
				TARGETED_DEVICE_FAMILY = "1,2";
			};
			name = Release;
		};
/* End XCBuildConfiguration section */

/* Begin XCConfigurationList section */
		4138BFF427C2DDF200A33680 /* Build configuration list for PBXProject "ScreenCoverTests" */ = {
			isa = XCConfigurationList;
			buildConfigurations = (
				4138C00527C2DDF300A33680 /* Debug */,
				4138C00627C2DDF300A33680 /* Release */,
			);
			defaultConfigurationIsVisible = 0;
			defaultConfigurationName = Release;
		};
		4138C00727C2DDF300A33680 /* Build configuration list for PBXNativeTarget "ScreenCoverTests" */ = {
			isa = XCConfigurationList;
			buildConfigurations = (
				4138C00827C2DDF300A33680 /* Debug */,
				4138C00927C2DDF300A33680 /* Release */,
			);
			defaultConfigurationIsVisible = 0;
			defaultConfigurationName = Release;
		};
/* End XCConfigurationList section */
	};
	rootObject = 4138BFF127C2DDF200A33680 /* Project object */;
}
